// !$*UTF8*$!
{
	archiveVersion = 1;
	classes = {
	};
	objectVersion = 56;
	objects = {

/* Begin PBXBuildFile section */
		CE25A1C82A1BAD8D00D28191 /* AppDelegate.swift in Sources */ = {isa = PBXBuildFile; fileRef = CE25A1C72A1BAD8D00D28191 /* AppDelegate.swift */; };
		CE25A1CA2A1BAD8D00D28191 /* SceneDelegate.swift in Sources */ = {isa = PBXBuildFile; fileRef = CE25A1C92A1BAD8D00D28191 /* SceneDelegate.swift */; };
		CE25A1CC2A1BAD8D00D28191 /* HomeController.swift in Sources */ = {isa = PBXBuildFile; fileRef = CE25A1CB2A1BAD8D00D28191 /* HomeController.swift */; };
		CE25A1CF2A1BAD8D00D28191 /* Main.storyboard in Resources */ = {isa = PBXBuildFile; fileRef = CE25A1CD2A1BAD8D00D28191 /* Main.storyboard */; };
		CE25A1D12A1BAD9000D28191 /* Assets.xcassets in Resources */ = {isa = PBXBuildFile; fileRef = CE25A1D02A1BAD9000D28191 /* Assets.xcassets */; };
		CE25A1D42A1BAD9000D28191 /* LaunchScreen.storyboard in Resources */ = {isa = PBXBuildFile; fileRef = CE25A1D22A1BAD9000D28191 /* LaunchScreen.storyboard */; };
		CE78FBB02A1F702A00D01ED5 /* AvgViewController.swift in Sources */ = {isa = PBXBuildFile; fileRef = CE78FBAF2A1F702900D01ED5 /* AvgViewController.swift */; };
		CE99A62A2A1E52140023FFE4 /* SettingViewController.swift in Sources */ = {isa = PBXBuildFile; fileRef = CE99A6292A1E52140023FFE4 /* SettingViewController.swift */; };
		CE99F5432A24828400E3D675 /* Utils.swift in Sources */ = {isa = PBXBuildFile; fileRef = CE99F5422A24828400E3D675 /* Utils.swift */; };
		CE99F5452A24874300E3D675 /* ValueSelectionController.swift in Sources */ = {isa = PBXBuildFile; fileRef = CE99F5442A24874300E3D675 /* ValueSelectionController.swift */; };
		CE99F5472A24890100E3D675 /* Grade.swift in Sources */ = {isa = PBXBuildFile; fileRef = CE99F5462A24890100E3D675 /* Grade.swift */; };
		CE9FB7F92A22139B002FDBC1 /* CalculationViewController.swift in Sources */ = {isa = PBXBuildFile; fileRef = CE9FB7F82A22139B002FDBC1 /* CalculationViewController.swift */; };
		CE9FB7FB2A2217A9002FDBC1 /* CalculationCell.swift in Sources */ = {isa = PBXBuildFile; fileRef = CE9FB7FA2A2217A9002FDBC1 /* CalculationCell.swift */; };
/* End PBXBuildFile section */

/* Begin PBXFileReference section */
		CE25A1C42A1BAD8D00D28191 /* GPA Calculator.app */ = {isa = PBXFileReference; explicitFileType = wrapper.application; includeInIndex = 0; path = "GPA Calculator.app"; sourceTree = BUILT_PRODUCTS_DIR; };
		CE25A1C72A1BAD8D00D28191 /* AppDelegate.swift */ = {isa = PBXFileReference; lastKnownFileType = sourcecode.swift; path = AppDelegate.swift; sourceTree = "<group>"; };
		CE25A1C92A1BAD8D00D28191 /* SceneDelegate.swift */ = {isa = PBXFileReference; lastKnownFileType = sourcecode.swift; path = SceneDelegate.swift; sourceTree = "<group>"; };
		CE25A1CB2A1BAD8D00D28191 /* HomeController.swift */ = {isa = PBXFileReference; lastKnownFileType = sourcecode.swift; path = HomeController.swift; sourceTree = "<group>"; };
		CE25A1CE2A1BAD8D00D28191 /* Base */ = {isa = PBXFileReference; lastKnownFileType = file.storyboard; name = Base; path = Base.lproj/Main.storyboard; sourceTree = "<group>"; };
		CE25A1D02A1BAD9000D28191 /* Assets.xcassets */ = {isa = PBXFileReference; lastKnownFileType = folder.assetcatalog; path = Assets.xcassets; sourceTree = "<group>"; };
		CE25A1D32A1BAD9000D28191 /* Base */ = {isa = PBXFileReference; lastKnownFileType = file.storyboard; name = Base; path = Base.lproj/LaunchScreen.storyboard; sourceTree = "<group>"; };
		CE25A1D52A1BAD9000D28191 /* Info.plist */ = {isa = PBXFileReference; lastKnownFileType = text.plist.xml; path = Info.plist; sourceTree = "<group>"; };
		CE78FBAF2A1F702900D01ED5 /* AvgViewController.swift */ = {isa = PBXFileReference; lastKnownFileType = sourcecode.swift; path = AvgViewController.swift; sourceTree = "<group>"; };
		CE99A6292A1E52140023FFE4 /* SettingViewController.swift */ = {isa = PBXFileReference; lastKnownFileType = sourcecode.swift; path = SettingViewController.swift; sourceTree = "<group>"; };
		CE99F5422A24828400E3D675 /* Utils.swift */ = {isa = PBXFileReference; lastKnownFileType = sourcecode.swift; path = Utils.swift; sourceTree = "<group>"; };
		CE99F5442A24874300E3D675 /* ValueSelectionController.swift */ = {isa = PBXFileReference; lastKnownFileType = sourcecode.swift; path = ValueSelectionController.swift; sourceTree = "<group>"; };
		CE99F5462A24890100E3D675 /* Grade.swift */ = {isa = PBXFileReference; lastKnownFileType = sourcecode.swift; path = Grade.swift; sourceTree = "<group>"; };
		CE9FB7F82A22139B002FDBC1 /* CalculationViewController.swift */ = {isa = PBXFileReference; lastKnownFileType = sourcecode.swift; path = CalculationViewController.swift; sourceTree = "<group>"; };
		CE9FB7FA2A2217A9002FDBC1 /* CalculationCell.swift */ = {isa = PBXFileReference; lastKnownFileType = sourcecode.swift; path = CalculationCell.swift; sourceTree = "<group>"; };
/* End PBXFileReference section */

/* Begin PBXFrameworksBuildPhase section */
		CE25A1C12A1BAD8D00D28191 /* Frameworks */ = {
			isa = PBXFrameworksBuildPhase;
			buildActionMask = 2147483647;
			files = (
			);
			runOnlyForDeploymentPostprocessing = 0;
		};
/* End PBXFrameworksBuildPhase section */

/* Begin PBXGroup section */
		CE25A1BB2A1BAD8D00D28191 = {
			isa = PBXGroup;
			children = (
				CE25A1C62A1BAD8D00D28191 /* GPA Calculator */,
				CE25A1C52A1BAD8D00D28191 /* Products */,
			);
			sourceTree = "<group>";
		};
		CE25A1C52A1BAD8D00D28191 /* Products */ = {
			isa = PBXGroup;
			children = (
				CE25A1C42A1BAD8D00D28191 /* GPA Calculator.app */,
			);
			name = Products;
			sourceTree = "<group>";
		};
		CE25A1C62A1BAD8D00D28191 /* GPA Calculator */ = {
			isa = PBXGroup;
			children = (
				CE99A6282A1E50C60023FFE4 /* Models */,
				CE99A6272A1E4FAE0023FFE4 /* Controllers */,
				CE99A6262A1E4FA10023FFE4 /* Cells */,
				CE99A6242A1E4F850023FFE4 /* Helper */,
				CE25A1C72A1BAD8D00D28191 /* AppDelegate.swift */,
				CE25A1C92A1BAD8D00D28191 /* SceneDelegate.swift */,
				CE25A1CD2A1BAD8D00D28191 /* Main.storyboard */,
				CE25A1D02A1BAD9000D28191 /* Assets.xcassets */,
				CE25A1D22A1BAD9000D28191 /* LaunchScreen.storyboard */,
				CE25A1D52A1BAD9000D28191 /* Info.plist */,
			);
			path = "GPA Calculator";
			sourceTree = "<group>";
		};
		CE99A6242A1E4F850023FFE4 /* Helper */ = {
			isa = PBXGroup;
			children = (
				CE99F5422A24828400E3D675 /* Utils.swift */,
			);
			path = Helper;
			sourceTree = "<group>";
		};
		CE99A6262A1E4FA10023FFE4 /* Cells */ = {
			isa = PBXGroup;
			children = (
				CE9FB7FA2A2217A9002FDBC1 /* CalculationCell.swift */,
			);
			path = Cells;
			sourceTree = "<group>";
		};
		CE99A6272A1E4FAE0023FFE4 /* Controllers */ = {
			isa = PBXGroup;
			children = (
				CE25A1CB2A1BAD8D00D28191 /* HomeController.swift */,
				CE99A6292A1E52140023FFE4 /* SettingViewController.swift */,
				CE78FBAF2A1F702900D01ED5 /* AvgViewController.swift */,
				CE9FB7F82A22139B002FDBC1 /* CalculationViewController.swift */,
				CE99F5442A24874300E3D675 /* ValueSelectionController.swift */,
			);
			path = Controllers;
			sourceTree = "<group>";
		};
		CE99A6282A1E50C60023FFE4 /* Models */ = {
			isa = PBXGroup;
			children = (
				CE99F5462A24890100E3D675 /* Grade.swift */,
			);
			path = Models;
			sourceTree = "<group>";
		};
/* End PBXGroup section */

/* Begin PBXNativeTarget section */
		CE25A1C32A1BAD8D00D28191 /* GPA Calculator */ = {
			isa = PBXNativeTarget;
			buildConfigurationList = CE25A1D82A1BAD9000D28191 /* Build configuration list for PBXNativeTarget "GPA Calculator" */;
			buildPhases = (
				CE25A1C02A1BAD8D00D28191 /* Sources */,
				CE25A1C12A1BAD8D00D28191 /* Frameworks */,
				CE25A1C22A1BAD8D00D28191 /* Resources */,
			);
			buildRules = (
			);
			dependencies = (
			);
			name = "GPA Calculator";
			productName = "GPA Calculator";
			productReference = CE25A1C42A1BAD8D00D28191 /* GPA Calculator.app */;
			productType = "com.apple.product-type.application";
		};
/* End PBXNativeTarget section */

/* Begin PBXProject section */
		CE25A1BC2A1BAD8D00D28191 /* Project object */ = {
			isa = PBXProject;
			attributes = {
				BuildIndependentTargetsInParallel = 1;
				LastSwiftUpdateCheck = 1410;
				LastUpgradeCheck = 1410;
				TargetAttributes = {
					CE25A1C32A1BAD8D00D28191 = {
						CreatedOnToolsVersion = 14.1;
					};
				};
			};
			buildConfigurationList = CE25A1BF2A1BAD8D00D28191 /* Build configuration list for PBXProject "GPA Calculator" */;
			compatibilityVersion = "Xcode 14.0";
			developmentRegion = en;
			hasScannedForEncodings = 0;
			knownRegions = (
				en,
				Base,
			);
			mainGroup = CE25A1BB2A1BAD8D00D28191;
			productRefGroup = CE25A1C52A1BAD8D00D28191 /* Products */;
			projectDirPath = "";
			projectRoot = "";
			targets = (
				CE25A1C32A1BAD8D00D28191 /* GPA Calculator */,
			);
		};
/* End PBXProject section */

/* Begin PBXResourcesBuildPhase section */
		CE25A1C22A1BAD8D00D28191 /* Resources */ = {
			isa = PBXResourcesBuildPhase;
			buildActionMask = 2147483647;
			files = (
				CE25A1D42A1BAD9000D28191 /* LaunchScreen.storyboard in Resources */,
				CE25A1D12A1BAD9000D28191 /* Assets.xcassets in Resources */,
				CE25A1CF2A1BAD8D00D28191 /* Main.storyboard in Resources */,
			);
			runOnlyForDeploymentPostprocessing = 0;
		};
/* End PBXResourcesBuildPhase section */

/* Begin PBXSourcesBuildPhase section */
		CE25A1C02A1BAD8D00D28191 /* Sources */ = {
			isa = PBXSourcesBuildPhase;
			buildActionMask = 2147483647;
			files = (
				CE99F5452A24874300E3D675 /* ValueSelectionController.swift in Sources */,
				CE25A1CC2A1BAD8D00D28191 /* HomeController.swift in Sources */,
				CE78FBB02A1F702A00D01ED5 /* AvgViewController.swift in Sources */,
				CE99F5432A24828400E3D675 /* Utils.swift in Sources */,
				CE25A1C82A1BAD8D00D28191 /* AppDelegate.swift in Sources */,
				CE25A1CA2A1BAD8D00D28191 /* SceneDelegate.swift in Sources */,
				CE9FB7F92A22139B002FDBC1 /* CalculationViewController.swift in Sources */,
				CE99F5472A24890100E3D675 /* Grade.swift in Sources */,
				CE9FB7FB2A2217A9002FDBC1 /* CalculationCell.swift in Sources */,
				CE99A62A2A1E52140023FFE4 /* SettingViewController.swift in Sources */,
			);
			runOnlyForDeploymentPostprocessing = 0;
		};
/* End PBXSourcesBuildPhase section */

/* Begin PBXVariantGroup section */
		CE25A1CD2A1BAD8D00D28191 /* Main.storyboard */ = {
			isa = PBXVariantGroup;
			children = (
				CE25A1CE2A1BAD8D00D28191 /* Base */,
			);
			name = Main.storyboard;
			sourceTree = "<group>";
		};
		CE25A1D22A1BAD9000D28191 /* LaunchScreen.storyboard */ = {
			isa = PBXVariantGroup;
			children = (
				CE25A1D32A1BAD9000D28191 /* Base */,
			);
			name = LaunchScreen.storyboard;
			sourceTree = "<group>";
		};
/* End PBXVariantGroup section */

/* Begin XCBuildConfiguration section */
		CE25A1D62A1BAD9000D28191 /* Debug */ = {
			isa = XCBuildConfiguration;
			buildSettings = {
				ALWAYS_SEARCH_USER_PATHS = NO;
				CLANG_ANALYZER_NONNULL = YES;
				CLANG_ANALYZER_NUMBER_OBJECT_CONVERSION = YES_AGGRESSIVE;
				CLANG_CXX_LANGUAGE_STANDARD = "gnu++20";
				CLANG_ENABLE_MODULES = YES;
				CLANG_ENABLE_OBJC_ARC = YES;
				CLANG_ENABLE_OBJC_WEAK = YES;
				CLANG_WARN_BLOCK_CAPTURE_AUTORELEASING = YES;
				CLANG_WARN_BOOL_CONVERSION = YES;
				CLANG_WARN_COMMA = YES;
				CLANG_WARN_CONSTANT_CONVERSION = YES;
				CLANG_WARN_DEPRECATED_OBJC_IMPLEMENTATIONS = YES;
				CLANG_WARN_DIRECT_OBJC_ISA_USAGE = YES_ERROR;
				CLANG_WARN_DOCUMENTATION_COMMENTS = YES;
				CLANG_WARN_EMPTY_BODY = YES;
				CLANG_WARN_ENUM_CONVERSION = YES;
				CLANG_WARN_INFINITE_RECURSION = YES;
				CLANG_WARN_INT_CONVERSION = YES;
				CLANG_WARN_NON_LITERAL_NULL_CONVERSION = YES;
				CLANG_WARN_OBJC_IMPLICIT_RETAIN_SELF = YES;
				CLANG_WARN_OBJC_LITERAL_CONVERSION = YES;
				CLANG_WARN_OBJC_ROOT_CLASS = YES_ERROR;
				CLANG_WARN_QUOTED_INCLUDE_IN_FRAMEWORK_HEADER = YES;
				CLANG_WARN_RANGE_LOOP_ANALYSIS = YES;
				CLANG_WARN_STRICT_PROTOTYPES = YES;
				CLANG_WARN_SUSPICIOUS_MOVE = YES;
				CLANG_WARN_UNGUARDED_AVAILABILITY = YES_AGGRESSIVE;
				CLANG_WARN_UNREACHABLE_CODE = YES;
				CLANG_WARN__DUPLICATE_METHOD_MATCH = YES;
				COPY_PHASE_STRIP = NO;
				DEBUG_INFORMATION_FORMAT = dwarf;
				ENABLE_STRICT_OBJC_MSGSEND = YES;
				ENABLE_TESTABILITY = YES;
				GCC_C_LANGUAGE_STANDARD = gnu11;
				GCC_DYNAMIC_NO_PIC = NO;
				GCC_NO_COMMON_BLOCKS = YES;
				GCC_OPTIMIZATION_LEVEL = 0;
				GCC_PREPROCESSOR_DEFINITIONS = (
					"DEBUG=1",
					"$(inherited)",
				);
				GCC_WARN_64_TO_32_BIT_CONVERSION = YES;
				GCC_WARN_ABOUT_RETURN_TYPE = YES_ERROR;
				GCC_WARN_UNDECLARED_SELECTOR = YES;
				GCC_WARN_UNINITIALIZED_AUTOS = YES_AGGRESSIVE;
				GCC_WARN_UNUSED_FUNCTION = YES;
				GCC_WARN_UNUSED_VARIABLE = YES;
				IPHONEOS_DEPLOYMENT_TARGET = 16.1;
				MTL_ENABLE_DEBUG_INFO = INCLUDE_SOURCE;
				MTL_FAST_MATH = YES;
				ONLY_ACTIVE_ARCH = YES;
				SDKROOT = iphoneos;
				SWIFT_ACTIVE_COMPILATION_CONDITIONS = DEBUG;
				SWIFT_OPTIMIZATION_LEVEL = "-Onone";
			};
			name = Debug;
		};
		CE25A1D72A1BAD9000D28191 /* Release */ = {
			isa = XCBuildConfiguration;
			buildSettings = {
				ALWAYS_SEARCH_USER_PATHS = NO;
				CLANG_ANALYZER_NONNULL = YES;
				CLANG_ANALYZER_NUMBER_OBJECT_CONVERSION = YES_AGGRESSIVE;
				CLANG_CXX_LANGUAGE_STANDARD = "gnu++20";
				CLANG_ENABLE_MODULES = YES;
				CLANG_ENABLE_OBJC_ARC = YES;
				CLANG_ENABLE_OBJC_WEAK = YES;
				CLANG_WARN_BLOCK_CAPTURE_AUTORELEASING = YES;
				CLANG_WARN_BOOL_CONVERSION = YES;
				CLANG_WARN_COMMA = YES;
				CLANG_WARN_CONSTANT_CONVERSION = YES;
				CLANG_WARN_DEPRECATED_OBJC_IMPLEMENTATIONS = YES;
				CLANG_WARN_DIRECT_OBJC_ISA_USAGE = YES_ERROR;
				CLANG_WARN_DOCUMENTATION_COMMENTS = YES;
				CLANG_WARN_EMPTY_BODY = YES;
				CLANG_WARN_ENUM_CONVERSION = YES;
				CLANG_WARN_INFINITE_RECURSION = YES;
				CLANG_WARN_INT_CONVERSION = YES;
				CLANG_WARN_NON_LITERAL_NULL_CONVERSION = YES;
				CLANG_WARN_OBJC_IMPLICIT_RETAIN_SELF = YES;
				CLANG_WARN_OBJC_LITERAL_CONVERSION = YES;
				CLANG_WARN_OBJC_ROOT_CLASS = YES_ERROR;
				CLANG_WARN_QUOTED_INCLUDE_IN_FRAMEWORK_HEADER = YES;
				CLANG_WARN_RANGE_LOOP_ANALYSIS = YES;
				CLANG_WARN_STRICT_PROTOTYPES = YES;
				CLANG_WARN_SUSPICIOUS_MOVE = YES;
				CLANG_WARN_UNGUARDED_AVAILABILITY = YES_AGGRESSIVE;
				CLANG_WARN_UNREACHABLE_CODE = YES;
				CLANG_WARN__DUPLICATE_METHOD_MATCH = YES;
				COPY_PHASE_STRIP = NO;
				DEBUG_INFORMATION_FORMAT = "dwarf-with-dsym";
				ENABLE_NS_ASSERTIONS = NO;
				ENABLE_STRICT_OBJC_MSGSEND = YES;
				GCC_C_LANGUAGE_STANDARD = gnu11;
				GCC_NO_COMMON_BLOCKS = YES;
				GCC_WARN_64_TO_32_BIT_CONVERSION = YES;
				GCC_WARN_ABOUT_RETURN_TYPE = YES_ERROR;
				GCC_WARN_UNDECLARED_SELECTOR = YES;
				GCC_WARN_UNINITIALIZED_AUTOS = YES_AGGRESSIVE;
				GCC_WARN_UNUSED_FUNCTION = YES;
				GCC_WARN_UNUSED_VARIABLE = YES;
				IPHONEOS_DEPLOYMENT_TARGET = 16.1;
				MTL_ENABLE_DEBUG_INFO = NO;
				MTL_FAST_MATH = YES;
				SDKROOT = iphoneos;
				SWIFT_COMPILATION_MODE = wholemodule;
				SWIFT_OPTIMIZATION_LEVEL = "-O";
				VALIDATE_PRODUCT = YES;
			};
			name = Release;
		};
		CE25A1D92A1BAD9000D28191 /* Debug */ = {
			isa = XCBuildConfiguration;
			buildSettings = {
				ASSETCATALOG_COMPILER_APPICON_NAME = AppIcon;
				ASSETCATALOG_COMPILER_GLOBAL_ACCENT_COLOR_NAME = AccentColor;
				CODE_SIGN_STYLE = Automatic;
				CURRENT_PROJECT_VERSION = 1;
				DEVELOPMENT_TEAM = F9GL24RSF8;
				GENERATE_INFOPLIST_FILE = YES;
				INFOPLIST_FILE = "GPA Calculator/Info.plist";
				INFOPLIST_KEY_UIApplicationSupportsIndirectInputEvents = YES;
				INFOPLIST_KEY_UILaunchStoryboardName = LaunchScreen;
				INFOPLIST_KEY_UIMainStoryboardFile = Main;
				INFOPLIST_KEY_UISupportedInterfaceOrientations_iPad = "UIInterfaceOrientationPortrait UIInterfaceOrientationPortraitUpsideDown UIInterfaceOrientationLandscapeLeft UIInterfaceOrientationLandscapeRight";
				INFOPLIST_KEY_UISupportedInterfaceOrientations_iPhone = "UIInterfaceOrientationPortrait UIInterfaceOrientationLandscapeLeft UIInterfaceOrientationLandscapeRight";
				LD_RUNPATH_SEARCH_PATHS = (
					"$(inherited)",
					"@executable_path/Frameworks",
				);
				MARKETING_VERSION = 1.0;
				PRODUCT_BUNDLE_IDENTIFIER = "com.znun.GPA-Calculator";
				PRODUCT_NAME = "$(TARGET_NAME)";
				SWIFT_EMIT_LOC_STRINGS = YES;
				SWIFT_VERSION = 5.0;
				TARGETED_DEVICE_FAMILY = "1,2";
			};
			name = Debug;
		};
		CE25A1DA2A1BAD9000D28191 /* Release */ = {
			isa = XCBuildConfiguration;
			buildSettings = {
				ASSETCATALOG_COMPILER_APPICON_NAME = AppIcon;
				ASSETCATALOG_COMPILER_GLOBAL_ACCENT_COLOR_NAME = AccentColor;
				CODE_SIGN_STYLE = Automatic;
				CURRENT_PROJECT_VERSION = 1;
				DEVELOPMENT_TEAM = F9GL24RSF8;
				GENERATE_INFOPLIST_FILE = YES;
				INFOPLIST_FILE = "GPA Calculator/Info.plist";
				INFOPLIST_KEY_UIApplicationSupportsIndirectInputEvents = YES;
				INFOPLIST_KEY_UILaunchStoryboardName = LaunchScreen;
				INFOPLIST_KEY_UIMainStoryboardFile = Main;
				INFOPLIST_KEY_UISupportedInterfaceOrientations_iPad = "UIInterfaceOrientationPortrait UIInterfaceOrientationPortraitUpsideDown UIInterfaceOrientationLandscapeLeft UIInterfaceOrientationLandscapeRight";
				INFOPLIST_KEY_UISupportedInterfaceOrientations_iPhone = "UIInterfaceOrientationPortrait UIInterfaceOrientationLandscapeLeft UIInterfaceOrientationLandscapeRight";
				LD_RUNPATH_SEARCH_PATHS = (
					"$(inherited)",
					"@executable_path/Frameworks",
				);
				MARKETING_VERSION = 1.0;
				PRODUCT_BUNDLE_IDENTIFIER = "com.znun.GPA-Calculator";
				PRODUCT_NAME = "$(TARGET_NAME)";
				SWIFT_EMIT_LOC_STRINGS = YES;
				SWIFT_VERSION = 5.0;
				TARGETED_DEVICE_FAMILY = "1,2";
			};
			name = Release;
		};
/* End XCBuildConfiguration section */

/* Begin XCConfigurationList section */
		CE25A1BF2A1BAD8D00D28191 /* Build configuration list for PBXProject "GPA Calculator" */ = {
			isa = XCConfigurationList;
			buildConfigurations = (
				CE25A1D62A1BAD9000D28191 /* Debug */,
				CE25A1D72A1BAD9000D28191 /* Release */,
			);
			defaultConfigurationIsVisible = 0;
			defaultConfigurationName = Release;
		};
		CE25A1D82A1BAD9000D28191 /* Build configuration list for PBXNativeTarget "GPA Calculator" */ = {
			isa = XCConfigurationList;
			buildConfigurations = (
				CE25A1D92A1BAD9000D28191 /* Debug */,
				CE25A1DA2A1BAD9000D28191 /* Release */,
			);
			defaultConfigurationIsVisible = 0;
			defaultConfigurationName = Release;
		};
/* End XCConfigurationList section */
	};
	rootObject = CE25A1BC2A1BAD8D00D28191 /* Project object */;
}
